
Microsoft Visual Studio Solution File, Format Version 12.00
# Visual Studio 15
VisualStudioVersion = 15.0.28010.2016
MinimumVisualStudioVersion = 10.0.40219.1
Project("{9A19103F-16F7-4668-BE54-9A1E7A4F7556}") = "MobilePayMent", "MobilePayMent\MobilePayMent.csproj", "{FFF0885B-5CC5-4296-9572-DE2265AA6E40}"
EndProject
Project("{2150E333-8FDC-42A3-9474-1A3956D46DE8}") = "PayMent.Core", "PayMent.Core", "{B0B54057-8284-42F3-B08A-7297EF7B11BF}"
EndProject
Project("{9A19103F-16F7-4668-BE54-9A1E7A4F7556}") = "PayMent.Site", "PayMent.Site\PayMent.Site.csproj", "{8B0145BB-369C-4336-8597-E9FA3BD59C14}"
EndProject
Project("{2150E333-8FDC-42A3-9474-1A3956D46DE8}") = "payMent.DBModel", "payMent.DBModel", "{5E815D8A-7350-451E-8EEF-1827A1B515CE}"
EndProject
Project("{9A19103F-16F7-4668-BE54-9A1E7A4F7556}") = "DBUtils", "DBUtils\DBUtils.csproj", "{53DF163F-748C-42A0-A54A-EFA1FB127817}"
EndProject
Project("{9A19103F-16F7-4668-BE54-9A1E7A4F7556}") = "AcpSdk", "AcpSdk\AcpSdk.csproj", "{90B0B58C-7658-48B4-8514-F23EAB22F08C}"
EndProject
Project("{9A19103F-16F7-4668-BE54-9A1E7A4F7556}") = "AopSdk", "AopSdk\AopSdk.csproj", "{736E1C09-5D51-4C77-9B0B-2EEB670363A4}"
EndProject
Project("{9A19103F-16F7-4668-BE54-9A1E7A4F7556}") = "PayCore", "PayCore\PayCore.csproj", "{9EEBA816-BCC9-4EA9-A7D4-AC3E60DB22FB}"
EndProject
Project("{FAE04EC0-301F-11D3-BF4B-00C04F79EFBC}") = "Payment.BLL", "Payment.BLL\Payment.BLL.csproj", "{FCC6F314-62B9-4726-9987-3B78088DFB51}"
EndProject
Project("{FAE04EC0-301F-11D3-BF4B-00C04F79EFBC}") = "Paymen.DAL", "Paymen.DAL\Paymen.DAL.csproj", "{D1E1DC13-5CCA-4921-AB3F-D202ED1FE1F4}"
EndProject
Project("{FAE04EC0-301F-11D3-BF4B-00C04F79EFBC}") = "Payment.Model", "Payment.Model\Payment.Model.csproj", "{A56174CA-50D5-4048-A73E-A833CEC3D456}"
EndProject
Global
	GlobalSection(SolutionConfigurationPlatforms) = preSolution
		Debug|Any CPU = Debug|Any CPU
		Release|Any CPU = Release|Any CPU
	EndGlobalSection
	GlobalSection(ProjectConfigurationPlatforms) = postSolution
		{FFF0885B-5CC5-4296-9572-DE2265AA6E40}.Debug|Any CPU.ActiveCfg = Debug|Any CPU
		{FFF0885B-5CC5-4296-9572-DE2265AA6E40}.Debug|Any CPU.Build.0 = Debug|Any CPU
		{FFF0885B-5CC5-4296-9572-DE2265AA6E40}.Release|Any CPU.ActiveCfg = Release|Any CPU
		{FFF0885B-5CC5-4296-9572-DE2265AA6E40}.Release|Any CPU.Build.0 = Release|Any CPU
		{8B0145BB-369C-4336-8597-E9FA3BD59C14}.Debug|Any CPU.ActiveCfg = Debug|Any CPU
		{8B0145BB-369C-4336-8597-E9FA3BD59C14}.Debug|Any CPU.Build.0 = Debug|Any CPU
		{8B0145BB-369C-4336-8597-E9FA3BD59C14}.Release|Any CPU.ActiveCfg = Release|Any CPU
		{8B0145BB-369C-4336-8597-E9FA3BD59C14}.Release|Any CPU.Build.0 = Release|Any CPU
		{53DF163F-748C-42A0-A54A-EFA1FB127817}.Debug|Any CPU.ActiveCfg = Debug|Any CPU
		{53DF163F-748C-42A0-A54A-EFA1FB127817}.Debug|Any CPU.Build.0 = Debug|Any CPU
		{53DF163F-748C-42A0-A54A-EFA1FB127817}.Release|Any CPU.ActiveCfg = Release|Any CPU
		{53DF163F-748C-42A0-A54A-EFA1FB127817}.Release|Any CPU.Build.0 = Release|Any CPU
		{90B0B58C-7658-48B4-8514-F23EAB22F08C}.Debug|Any CPU.ActiveCfg = Debug|Any CPU
		{90B0B58C-7658-48B4-8514-F23EAB22F08C}.Debug|Any CPU.Build.0 = Debug|Any CPU
		{90B0B58C-7658-48B4-8514-F23EAB22F08C}.Release|Any CPU.ActiveCfg = Release|Any CPU
		{90B0B58C-7658-48B4-8514-F23EAB22F08C}.Release|Any CPU.Build.0 = Release|Any CPU
		{736E1C09-5D51-4C77-9B0B-2EEB670363A4}.Debug|Any CPU.ActiveCfg = Debug|Any CPU
		{736E1C09-5D51-4C77-9B0B-2EEB670363A4}.Debug|Any CPU.Build.0 = Debug|Any CPU
		{736E1C09-5D51-4C77-9B0B-2EEB670363A4}.Release|Any CPU.ActiveCfg = Release|Any CPU
		{736E1C09-5D51-4C77-9B0B-2EEB670363A4}.Release|Any CPU.Build.0 = Release|Any CPU
		{9EEBA816-BCC9-4EA9-A7D4-AC3E60DB22FB}.Debug|Any CPU.ActiveCfg = Debug|Any CPU
		{9EEBA816-BCC9-4EA9-A7D4-AC3E60DB22FB}.Debug|Any CPU.Build.0 = Debug|Any CPU
		{9EEBA816-BCC9-4EA9-A7D4-AC3E60DB22FB}.Release|Any CPU.ActiveCfg = Release|Any CPU
		{9EEBA816-BCC9-4EA9-A7D4-AC3E60DB22FB}.Release|Any CPU.Build.0 = Release|Any CPU
		{FCC6F314-62B9-4726-9987-3B78088DFB51}.Debug|Any CPU.ActiveCfg = Debug|Any CPU
		{FCC6F314-62B9-4726-9987-3B78088DFB51}.Debug|Any CPU.Build.0 = Debug|Any CPU
		{FCC6F314-62B9-4726-9987-3B78088DFB51}.Release|Any CPU.ActiveCfg = Release|Any CPU
		{FCC6F314-62B9-4726-9987-3B78088DFB51}.Release|Any CPU.Build.0 = Release|Any CPU
		{D1E1DC13-5CCA-4921-AB3F-D202ED1FE1F4}.Debug|Any CPU.ActiveCfg = Debug|Any CPU
		{D1E1DC13-5CCA-4921-AB3F-D202ED1FE1F4}.Debug|Any CPU.Build.0 = Debug|Any CPU
		{D1E1DC13-5CCA-4921-AB3F-D202ED1FE1F4}.Release|Any CPU.ActiveCfg = Release|Any CPU
		{D1E1DC13-5CCA-4921-AB3F-D202ED1FE1F4}.Release|Any CPU.Build.0 = Release|Any CPU
		{A56174CA-50D5-4048-A73E-A833CEC3D456}.Debug|Any CPU.ActiveCfg = Debug|Any CPU
		{A56174CA-50D5-4048-A73E-A833CEC3D456}.Debug|Any CPU.Build.0 = Debug|Any CPU
		{A56174CA-50D5-4048-A73E-A833CEC3D456}.Release|Any CPU.ActiveCfg = Release|Any CPU
		{A56174CA-50D5-4048-A73E-A833CEC3D456}.Release|Any CPU.Build.0 = Release|Any CPU
	EndGlobalSection
	GlobalSection(SolutionProperties) = preSolution
		HideSolutionNode = FALSE
	EndGlobalSection
	GlobalSection(NestedProjects) = preSolution
		{53DF163F-748C-42A0-A54A-EFA1FB127817} = {5E815D8A-7350-451E-8EEF-1827A1B515CE}
		{90B0B58C-7658-48B4-8514-F23EAB22F08C} = {B0B54057-8284-42F3-B08A-7297EF7B11BF}
		{736E1C09-5D51-4C77-9B0B-2EEB670363A4} = {B0B54057-8284-42F3-B08A-7297EF7B11BF}
		{9EEBA816-BCC9-4EA9-A7D4-AC3E60DB22FB} = {B0B54057-8284-42F3-B08A-7297EF7B11BF}
		{FCC6F314-62B9-4726-9987-3B78088DFB51} = {5E815D8A-7350-451E-8EEF-1827A1B515CE}
		{D1E1DC13-5CCA-4921-AB3F-D202ED1FE1F4} = {5E815D8A-7350-451E-8EEF-1827A1B515CE}
		{A56174CA-50D5-4048-A73E-A833CEC3D456} = {5E815D8A-7350-451E-8EEF-1827A1B515CE}
	EndGlobalSection
	GlobalSection(ExtensibilityGlobals) = postSolution
		SolutionGuid = {5BDE8C27-758F-482F-9D6F-938BA46383E0}
	EndGlobalSection
EndGlobal
